<?xml version="1.0" encoding="utf-8"?>
<Project ToolsVersion="4.0" xmlns="http://schemas.microsoft.com/developer/msbuild/2003">
  <ItemGroup>
    <Filter Include="Source Files">
      <UniqueIdentifier>{4FC737F1-C7A5-4376-A066-2A32D752A2FF}</UniqueIdentifier>
      <Extensions>cpp;c;cc;cxx;def;odl;idl;hpj;bat;asm;asmx</Extensions>
    </Filter>
    <Filter Include="Header Files">
      <UniqueIdentifier>{93995380-89BD-4b04-88EB-625FBE52EBFB}</UniqueIdentifier>
      <Extensions>h;hh;hpp;hxx;hm;inl;inc;xsd</Extensions>
    </Filter>
    <Filter Include="Resource Files">
      <UniqueIdentifier>{67DA6AB6-F800-4c08-8B7A-83BB121AAD01}</UniqueIdentifier>
      <Extensions>rc;ico;cur;bmp;dlg;rc2;rct;bin;rgs;gif;jpg;jpeg;jpe;resx;tiff;tif;png;wav;mfcribbon-ms</Extensions>
    </Filter>
    <Filter Include="Header Files\Repository">
      <UniqueIdentifier>{c62f706c-4531-4908-8223-054fa3aa9be0}</UniqueIdentifier>
    </Filter>
    <Filter Include="Source Files\Repository">
      <UniqueIdentifier>{d8c0a5af-2a5a-4f9d-9a2c-7ab9b0c74c88}</UniqueIdentifier>
    </Filter>
    <Filter Include="Header Files\Entity">
      <UniqueIdentifier>{dd48acb4-8bf9-4658-8e09-900f2964c5fe}</UniqueIdentifier>
    </Filter>
    <Filter Include="Source Files\Enitty">
      <UniqueIdentifier>{dafbd9f6-23eb-488a-bbc5-3280f29a1693}</UniqueIdentifier>
    </Filter>
    <Filter Include="Header Files\View">
      <UniqueIdentifier>{0ba36b9a-3b42-4b75-b601-e11ce679a313}</UniqueIdentifier>
    </Filter>
    <Filter Include="Header Files\lib">
      <UniqueIdentifier>{0f80e019-f452-4fa0-8579-9037ad79b30e}</UniqueIdentifier>
    </Filter>
    <Filter Include="Header Files\Socket">
      <UniqueIdentifier>{64c71b56-77db-428c-837d-4060f1e9beb9}</UniqueIdentifier>
    </Filter>
    <Filter Include="Source Files\Socket">
      <UniqueIdentifier>{3fc6c427-938b-4812-84d1-213e4d777766}</UniqueIdentifier>
    </Filter>
    <Filter Include="Source Files\View">
      <UniqueIdentifier>{3d577db3-5278-4425-9eea-7ae72e42fd98}</UniqueIdentifier>
    </Filter>
    <Filter Include="Source Files\Controller">
      <UniqueIdentifier>{ca9a1424-22af-40b6-b92e-5a7aec17ff39}</UniqueIdentifier>
    </Filter>
    <Filter Include="Controller">
      <UniqueIdentifier>{c72f06d0-900f-4ba5-978e-c7c9bcf49302}</UniqueIdentifier>
    </Filter>
  </ItemGroup>
  <ItemGroup>
    <Text Include="ReadMe.txt" />
  </ItemGroup>
  <ItemGroup>
    <ClInclude Include="AccountRepository.h">
      <Filter>Header Files\Repository</Filter>
    </ClInclude>
    <ClInclude Include="FriendRepository.h">
      <Filter>Header Files\Repository</Filter>
    </ClInclude>
    <ClInclude Include="MessageRepository.h">
      <Filter>Header Files\Repository</Filter>
    </ClInclude>
    <ClInclude Include="Enitty.h">
      <Filter>Source Files\Enitty</Filter>
    </ClInclude>
    <ClInclude Include="User.h">
      <Filter>Header Files\Entity</Filter>
    </ClInclude>
    <ClInclude Include="Message.h">
      <Filter>Header Files\Entity</Filter>
    </ClInclude>
    <ClInclude Include="Friend.h">
      <Filter>Header Files\Entity</Filter>
    </ClInclude>
    <ClInclude Include="ServerChat.h">
      <Filter>Header Files\View</Filter>
    </ClInclude>
    <ClInclude Include="ServerChatDlg.h">
      <Filter>Header Files\View</Filter>
    </ClInclude>
    <ClInclude Include="Resource.h">
      <Filter>Header Files\View</Filter>
    </ClInclude>
    <ClInclude Include="sqlite3.h">
      <Filter>Header Files\lib</Filter>
    </ClInclude>
    <ClInclude Include="stdafx.h">
      <Filter>Header Files\lib</Filter>
    </ClInclude>
    <ClInclude Include="targetver.h">
      <Filter>Header Files\lib</Filter>
    </ClInclude>
    <ClInclude Include="TcpSocket.h">
      <Filter>Header Files\Socket</Filter>
    </ClInclude>
    <ClInclude Include="DataAccess.h">
      <Filter>Header Files\Repository</Filter>
    </ClInclude>
    <ClInclude Include="Bus.h">
      <Filter>Header Files\Repository</Filter>
    </ClInclude>
    <ClInclude Include="API.h">
      <Filter>Header Files</Filter>
    </ClInclude>
    <ClInclude Include="Controller.h">
      <Filter>Controller</Filter>
    </ClInclude>
    <ClInclude Include="AccountController.h">
      <Filter>Controller</Filter>
    </ClInclude>
    <ClInclude Include="FriendController.h">
      <Filter>Controller</Filter>
    </ClInclude>
    <ClInclude Include="MessageController.h">
      <Filter>Controller</Filter>
    </ClInclude>
    <ClInclude Include="Context.h">
      <Filter>Header Files</Filter>
    </ClInclude>
  </ItemGroup>
  <ItemGroup>
    <ClCompile Include="AccountRepository.cpp">
      <Filter>Source Files\Repository</Filter>
    </ClCompile>
    <ClCompile Include="FriendRepository.cpp">
      <Filter>Source Files\Repository</Filter>
    </ClCompile>
    <ClCompile Include="MessageRepository.cpp">
      <Filter>Source Files\Repository</Filter>
    </ClCompile>
    <ClCompile Include="Friend.cpp">
      <Filter>Source Files\Enitty</Filter>
    </ClCompile>
    <ClCompile Include="Message.cpp">
      <Filter>Source Files\Enitty</Filter>
    </ClCompile>
    <ClCompile Include="User.cpp">
      <Filter>Source Files\Enitty</Filter>
    </ClCompile>
    <ClCompile Include="TcpSocket.cpp">
      <Filter>Source Files\Socket</Filter>
    </ClCompile>
    <ClCompile Include="DataAccess.cpp">
      <Filter>Source Files\Repository</Filter>
    </ClCompile>
    <ClCompile Include="Bus.cpp">
      <Filter>Source Files\Repository</Filter>
    </ClCompile>
    <ClCompile Include="ServerChat.cpp">
      <Filter>Source Files\View</Filter>
    </ClCompile>
    <ClCompile Include="ServerChatDlg.cpp">
      <Filter>Source Files\View</Filter>
    </ClCompile>
    <ClCompile Include="stdafx.cpp">
      <Filter>Source Files\View</Filter>
    </ClCompile>
    <ClCompile Include="AccountController.cpp">
      <Filter>Source Files\Controller</Filter>
    </ClCompile>
    <ClCompile Include="Controller.cpp">
      <Filter>Source Files\Controller</Filter>
    </ClCompile>
    <ClCompile Include="FriendController.cpp">
      <Filter>Source Files\Controller</Filter>
    </ClCompile>
    <ClCompile Include="MessageController.cpp">
      <Filter>Source Files\Controller</Filter>
    </ClCompile>
    <ClCompile Include="Context.cpp">
      <Filter>Source Files</Filter>
    </ClCompile>
  </ItemGroup>
  <ItemGroup>
    <ResourceCompile Include="ServerChat.rc">
      <Filter>Resource Files</Filter>
    </ResourceCompile>
  </ItemGroup>
  <ItemGroup>
    <None Include="res\ServerChat.rc2">
      <Filter>Resource Files</Filter>
    </None>
  </ItemGroup>
  <ItemGroup>
    <Image Include="res\ServerChat.ico">
      <Filter>Resource Files</Filter>
    </Image>
  </ItemGroup>
</Project>